
Microsoft Visual Studio Solution File, Format Version 12.00
# Visual Studio Version 17
VisualStudioVersion = 17.11.35327.3
MinimumVisualStudioVersion = 10.0.40219.1
Project("{FAE04EC0-301F-11D3-BF4B-00C04F79EFBC}") = "3SemSelenium", "3SemSelenium\3SemSelenium.csproj", "{96AADEC5-6FA1-445F-A8C8-DC0A9B4C78B1}"
EndProject
Global
	GlobalSection(SolutionConfigurationPlatforms) = preSolution
		Debug|Any CPU = Debug|Any CPU
		Release|Any CPU = Release|Any CPU
	EndGlobalSection
	GlobalSection(ProjectConfigurationPlatforms) = postSolution
		{96AADEC5-6FA1-445F-A8C8-DC0A9B4C78B1}.Debug|Any CPU.ActiveCfg = Debug|Any CPU
		{96AADEC5-6FA1-445F-A8C8-DC0A9B4C78B1}.Debug|Any CPU.Build.0 = Debug|Any CPU
		{96AADEC5-6FA1-445F-A8C8-DC0A9B4C78B1}.Release|Any CPU.ActiveCfg = Release|Any CPU
		{96AADEC5-6FA1-445F-A8C8-DC0A9B4C78B1}.Release|Any CPU.Build.0 = Release|Any CPU
	EndGlobalSection
	GlobalSection(SolutionProperties) = preSolution
		HideSolutionNode = FALSE
	EndGlobalSection
	GlobalSection(ExtensibilityGlobals) = postSolution
		SolutionGuid = {58280931-5D9D-4834-97CC-8E90CE33B042}
	EndGlobalSection
EndGlobal
